
Microsoft Visual Studio Solution File, Format Version 12.00
# Visual Studio Version 17
VisualStudioVersion = 17.8.34330.188
MinimumVisualStudioVersion = 10.0.40219.1
Project("{FAE04EC0-301F-11D3-BF4B-00C04F79EFBC}") = "Movies.Api", "Movies.Api\Movies.Api.csproj", "{109BB6F8-8C7D-4C13-A9B6-C69D5DBA2AAD}"
EndProject
Project("{FAE04EC0-301F-11D3-BF4B-00C04F79EFBC}") = "Movies.Application", "Movies.Application\Movies.Application.csproj", "{122538BD-9DBD-412C-BBE4-329322BDC0A4}"
EndProject
Project("{FAE04EC0-301F-11D3-BF4B-00C04F79EFBC}") = "Movies.Contracts", "Movies.Contracts\Movies.Contracts.csproj", "{A3037AFE-7195-4B89-ADFC-E79F2F293172}"
EndProject
Global
	GlobalSection(SolutionConfigurationPlatforms) = preSolution
		Debug|Any CPU = Debug|Any CPU
		Release|Any CPU = Release|Any CPU
	EndGlobalSection
	GlobalSection(ProjectConfigurationPlatforms) = postSolution
		{109BB6F8-8C7D-4C13-A9B6-C69D5DBA2AAD}.Debug|Any CPU.ActiveCfg = Debug|Any CPU
		{109BB6F8-8C7D-4C13-A9B6-C69D5DBA2AAD}.Debug|Any CPU.Build.0 = Debug|Any CPU
		{109BB6F8-8C7D-4C13-A9B6-C69D5DBA2AAD}.Release|Any CPU.ActiveCfg = Release|Any CPU
		{109BB6F8-8C7D-4C13-A9B6-C69D5DBA2AAD}.Release|Any CPU.Build.0 = Release|Any CPU
		{122538BD-9DBD-412C-BBE4-329322BDC0A4}.Debug|Any CPU.ActiveCfg = Debug|Any CPU
		{122538BD-9DBD-412C-BBE4-329322BDC0A4}.Debug|Any CPU.Build.0 = Debug|Any CPU
		{122538BD-9DBD-412C-BBE4-329322BDC0A4}.Release|Any CPU.ActiveCfg = Release|Any CPU
		{122538BD-9DBD-412C-BBE4-329322BDC0A4}.Release|Any CPU.Build.0 = Release|Any CPU
		{A3037AFE-7195-4B89-ADFC-E79F2F293172}.Debug|Any CPU.ActiveCfg = Debug|Any CPU
		{A3037AFE-7195-4B89-ADFC-E79F2F293172}.Debug|Any CPU.Build.0 = Debug|Any CPU
		{A3037AFE-7195-4B89-ADFC-E79F2F293172}.Release|Any CPU.ActiveCfg = Release|Any CPU
		{A3037AFE-7195-4B89-ADFC-E79F2F293172}.Release|Any CPU.Build.0 = Release|Any CPU
	EndGlobalSection
	GlobalSection(SolutionProperties) = preSolution
		HideSolutionNode = FALSE
	EndGlobalSection
	GlobalSection(ExtensibilityGlobals) = postSolution
		SolutionGuid = {76CAEC23-8CE1-4447-B58C-AB013277616C}
	EndGlobalSection
EndGlobal
